// !$*UTF8*$!
{
	archiveVersion = 1;
	classes = {
	};
	objectVersion = 50;
	objects = {

/* Begin PBXBuildFile section */
		F86C87F324EE0E39000B8DE4 /* AppDelegate.swift in Sources */ = {isa = PBXBuildFile; fileRef = F86C87F224EE0E39000B8DE4 /* AppDelegate.swift */; };
		F86C87F524EE0E39000B8DE4 /* SceneDelegate.swift in Sources */ = {isa = PBXBuildFile; fileRef = F86C87F424EE0E39000B8DE4 /* SceneDelegate.swift */; };
		F86C87F724EE0E39000B8DE4 /* ViewController.swift in Sources */ = {isa = PBXBuildFile; fileRef = F86C87F624EE0E39000B8DE4 /* ViewController.swift */; };
		F86C87FA24EE0E39000B8DE4 /* Main.storyboard in Resources */ = {isa = PBXBuildFile; fileRef = F86C87F824EE0E39000B8DE4 /* Main.storyboard */; };
		F86C87FC24EE0E3B000B8DE4 /* Assets.xcassets in Resources */ = {isa = PBXBuildFile; fileRef = F86C87FB24EE0E3B000B8DE4 /* Assets.xcassets */; };
		F86C87FF24EE0E3B000B8DE4 /* LaunchScreen.storyboard in Resources */ = {isa = PBXBuildFile; fileRef = F86C87FD24EE0E3B000B8DE4 /* LaunchScreen.storyboard */; };
		F86C880A24EE0E3B000B8DE4 /* I_am_PoorTests.swift in Sources */ = {isa = PBXBuildFile; fileRef = F86C880924EE0E3B000B8DE4 /* I_am_PoorTests.swift */; };
		F86C881524EE0E3B000B8DE4 /* I_am_PoorUITests.swift in Sources */ = {isa = PBXBuildFile; fileRef = F86C881424EE0E3B000B8DE4 /* I_am_PoorUITests.swift */; };
/* End PBXBuildFile section */

/* Begin PBXContainerItemProxy section */
		F86C880624EE0E3B000B8DE4 /* PBXContainerItemProxy */ = {
			isa = PBXContainerItemProxy;
			containerPortal = F86C87E724EE0E39000B8DE4 /* Project object */;
			proxyType = 1;
			remoteGlobalIDString = F86C87EE24EE0E39000B8DE4;
			remoteInfo = "I am Poor";
		};
		F86C881124EE0E3B000B8DE4 /* PBXContainerItemProxy */ = {
			isa = PBXContainerItemProxy;
			containerPortal = F86C87E724EE0E39000B8DE4 /* Project object */;
			proxyType = 1;
			remoteGlobalIDString = F86C87EE24EE0E39000B8DE4;
			remoteInfo = "I am Poor";
		};
/* End PBXContainerItemProxy section */

/* Begin PBXFileReference section */
		F86C87EF24EE0E39000B8DE4 /* I am Poor.app */ = {isa = PBXFileReference; explicitFileType = wrapper.application; includeInIndex = 0; path = "I am Poor.app"; sourceTree = BUILT_PRODUCTS_DIR; };
		F86C87F224EE0E39000B8DE4 /* AppDelegate.swift */ = {isa = PBXFileReference; lastKnownFileType = sourcecode.swift; path = AppDelegate.swift; sourceTree = "<group>"; };
		F86C87F424EE0E39000B8DE4 /* SceneDelegate.swift */ = {isa = PBXFileReference; lastKnownFileType = sourcecode.swift; path = SceneDelegate.swift; sourceTree = "<group>"; };
		F86C87F624EE0E39000B8DE4 /* ViewController.swift */ = {isa = PBXFileReference; lastKnownFileType = sourcecode.swift; path = ViewController.swift; sourceTree = "<group>"; };
		F86C87F924EE0E39000B8DE4 /* Base */ = {isa = PBXFileReference; lastKnownFileType = file.storyboard; name = Base; path = Base.lproj/Main.storyboard; sourceTree = "<group>"; };
		F86C87FB24EE0E3B000B8DE4 /* Assets.xcassets */ = {isa = PBXFileReference; lastKnownFileType = folder.assetcatalog; path = Assets.xcassets; sourceTree = "<group>"; };
		F86C87FE24EE0E3B000B8DE4 /* Base */ = {isa = PBXFileReference; lastKnownFileType = file.storyboard; name = Base; path = Base.lproj/LaunchScreen.storyboard; sourceTree = "<group>"; };
		F86C880024EE0E3B000B8DE4 /* Info.plist */ = {isa = PBXFileReference; lastKnownFileType = text.plist.xml; path = Info.plist; sourceTree = "<group>"; };
		F86C880524EE0E3B000B8DE4 /* I am PoorTests.xctest */ = {isa = PBXFileReference; explicitFileType = wrapper.cfbundle; includeInIndex = 0; path = "I am PoorTests.xctest"; sourceTree = BUILT_PRODUCTS_DIR; };
		F86C880924EE0E3B000B8DE4 /* I_am_PoorTests.swift */ = {isa = PBXFileReference; lastKnownFileType = sourcecode.swift; path = I_am_PoorTests.swift; sourceTree = "<group>"; };
		F86C880B24EE0E3B000B8DE4 /* Info.plist */ = {isa = PBXFileReference; lastKnownFileType = text.plist.xml; path = Info.plist; sourceTree = "<group>"; };
		F86C881024EE0E3B000B8DE4 /* I am PoorUITests.xctest */ = {isa = PBXFileReference; explicitFileType = wrapper.cfbundle; includeInIndex = 0; path = "I am PoorUITests.xctest"; sourceTree = BUILT_PRODUCTS_DIR; };
		F86C881424EE0E3B000B8DE4 /* I_am_PoorUITests.swift */ = {isa = PBXFileReference; lastKnownFileType = sourcecode.swift; path = I_am_PoorUITests.swift; sourceTree = "<group>"; };
		F86C881624EE0E3B000B8DE4 /* Info.plist */ = {isa = PBXFileReference; lastKnownFileType = text.plist.xml; path = Info.plist; sourceTree = "<group>"; };
/* End PBXFileReference section */

/* Begin PBXFrameworksBuildPhase section */
		F86C87EC24EE0E39000B8DE4 /* Frameworks */ = {
			isa = PBXFrameworksBuildPhase;
			buildActionMask = 2147483647;
			files = (
			);
			runOnlyForDeploymentPostprocessing = 0;
		};
		F86C880224EE0E3B000B8DE4 /* Frameworks */ = {
			isa = PBXFrameworksBuildPhase;
			buildActionMask = 2147483647;
			files = (
			);
			runOnlyForDeploymentPostprocessing = 0;
		};
		F86C880D24EE0E3B000B8DE4 /* Frameworks */ = {
			isa = PBXFrameworksBuildPhase;
			buildActionMask = 2147483647;
			files = (
			);
			runOnlyForDeploymentPostprocessing = 0;
		};
/* End PBXFrameworksBuildPhase section */

/* Begin PBXGroup section */
		F86C87E624EE0E39000B8DE4 = {
			isa = PBXGroup;
			children = (
				F86C87F124EE0E39000B8DE4 /* I am Poor */,
				F86C880824EE0E3B000B8DE4 /* I am PoorTests */,
				F86C881324EE0E3B000B8DE4 /* I am PoorUITests */,
				F86C87F024EE0E39000B8DE4 /* Products */,
			);
			sourceTree = "<group>";
		};
		F86C87F024EE0E39000B8DE4 /* Products */ = {
			isa = PBXGroup;
			children = (
				F86C87EF24EE0E39000B8DE4 /* I am Poor.app */,
				F86C880524EE0E3B000B8DE4 /* I am PoorTests.xctest */,
				F86C881024EE0E3B000B8DE4 /* I am PoorUITests.xctest */,
			);
			name = Products;
			sourceTree = "<group>";
		};
		F86C87F124EE0E39000B8DE4 /* I am Poor */ = {
			isa = PBXGroup;
			children = (
				F86C87F224EE0E39000B8DE4 /* AppDelegate.swift */,
				F86C87F424EE0E39000B8DE4 /* SceneDelegate.swift */,
				F86C87F624EE0E39000B8DE4 /* ViewController.swift */,
				F86C87F824EE0E39000B8DE4 /* Main.storyboard */,
				F86C87FB24EE0E3B000B8DE4 /* Assets.xcassets */,
				F86C87FD24EE0E3B000B8DE4 /* LaunchScreen.storyboard */,
				F86C880024EE0E3B000B8DE4 /* Info.plist */,
			);
			path = "I am Poor";
			sourceTree = "<group>";
		};
		F86C880824EE0E3B000B8DE4 /* I am PoorTests */ = {
			isa = PBXGroup;
			children = (
				F86C880924EE0E3B000B8DE4 /* I_am_PoorTests.swift */,
				F86C880B24EE0E3B000B8DE4 /* Info.plist */,
			);
			path = "I am PoorTests";
			sourceTree = "<group>";
		};
		F86C881324EE0E3B000B8DE4 /* I am PoorUITests */ = {
			isa = PBXGroup;
			children = (
				F86C881424EE0E3B000B8DE4 /* I_am_PoorUITests.swift */,
				F86C881624EE0E3B000B8DE4 /* Info.plist */,
			);
			path = "I am PoorUITests";
			sourceTree = "<group>";
		};
/* End PBXGroup section */

/* Begin PBXNativeTarget section */
		F86C87EE24EE0E39000B8DE4 /* I am Poor */ = {
			isa = PBXNativeTarget;
			buildConfigurationList = F86C881924EE0E3B000B8DE4 /* Build configuration list for PBXNativeTarget "I am Poor" */;
			buildPhases = (
				F86C87EB24EE0E39000B8DE4 /* Sources */,
				F86C87EC24EE0E39000B8DE4 /* Frameworks */,
				F86C87ED24EE0E39000B8DE4 /* Resources */,
			);
			buildRules = (
			);
			dependencies = (
			);
			name = "I am Poor";
			productName = "I am Poor";
			productReference = F86C87EF24EE0E39000B8DE4 /* I am Poor.app */;
			productType = "com.apple.product-type.application";
		};
		F86C880424EE0E3B000B8DE4 /* I am PoorTests */ = {
			isa = PBXNativeTarget;
			buildConfigurationList = F86C881C24EE0E3B000B8DE4 /* Build configuration list for PBXNativeTarget "I am PoorTests" */;
			buildPhases = (
				F86C880124EE0E3B000B8DE4 /* Sources */,
				F86C880224EE0E3B000B8DE4 /* Frameworks */,
				F86C880324EE0E3B000B8DE4 /* Resources */,
			);
			buildRules = (
			);
			dependencies = (
				F86C880724EE0E3B000B8DE4 /* PBXTargetDependency */,
			);
			name = "I am PoorTests";
			productName = "I am PoorTests";
			productReference = F86C880524EE0E3B000B8DE4 /* I am PoorTests.xctest */;
			productType = "com.apple.product-type.bundle.unit-test";
		};
		F86C880F24EE0E3B000B8DE4 /* I am PoorUITests */ = {
			isa = PBXNativeTarget;
			buildConfigurationList = F86C881F24EE0E3B000B8DE4 /* Build configuration list for PBXNativeTarget "I am PoorUITests" */;
			buildPhases = (
				F86C880C24EE0E3B000B8DE4 /* Sources */,
				F86C880D24EE0E3B000B8DE4 /* Frameworks */,
				F86C880E24EE0E3B000B8DE4 /* Resources */,
			);
			buildRules = (
			);
			dependencies = (
				F86C881224EE0E3B000B8DE4 /* PBXTargetDependency */,
			);
			name = "I am PoorUITests";
			productName = "I am PoorUITests";
			productReference = F86C881024EE0E3B000B8DE4 /* I am PoorUITests.xctest */;
			productType = "com.apple.product-type.bundle.ui-testing";
		};
/* End PBXNativeTarget section */

/* Begin PBXProject section */
		F86C87E724EE0E39000B8DE4 /* Project object */ = {
			isa = PBXProject;
			attributes = {
				LastSwiftUpdateCheck = 1200;
				LastUpgradeCheck = 1200;
				TargetAttributes = {
					F86C87EE24EE0E39000B8DE4 = {
						CreatedOnToolsVersion = 12.0;
					};
					F86C880424EE0E3B000B8DE4 = {
						CreatedOnToolsVersion = 12.0;
						TestTargetID = F86C87EE24EE0E39000B8DE4;
					};
					F86C880F24EE0E3B000B8DE4 = {
						CreatedOnToolsVersion = 12.0;
						TestTargetID = F86C87EE24EE0E39000B8DE4;
					};
				};
			};
			buildConfigurationList = F86C87EA24EE0E39000B8DE4 /* Build configuration list for PBXProject "I am Poor" */;
			compatibilityVersion = "Xcode 9.3";
			developmentRegion = en;
			hasScannedForEncodings = 0;
			knownRegions = (
				en,
				Base,
			);
			mainGroup = F86C87E624EE0E39000B8DE4;
			productRefGroup = F86C87F024EE0E39000B8DE4 /* Products */;
			projectDirPath = "";
			projectRoot = "";
			targets = (
				F86C87EE24EE0E39000B8DE4 /* I am Poor */,
				F86C880424EE0E3B000B8DE4 /* I am PoorTests */,
				F86C880F24EE0E3B000B8DE4 /* I am PoorUITests */,
			);
		};
/* End PBXProject section */

/* Begin PBXResourcesBuildPhase section */
		F86C87ED24EE0E39000B8DE4 /* Resources */ = {
			isa = PBXResourcesBuildPhase;
			buildActionMask = 2147483647;
			files = (
				F86C87FF24EE0E3B000B8DE4 /* LaunchScreen.storyboard in Resources */,
				F86C87FC24EE0E3B000B8DE4 /* Assets.xcassets in Resources */,
				F86C87FA24EE0E39000B8DE4 /* Main.storyboard in Resources */,
			);
			runOnlyForDeploymentPostprocessing = 0;
		};
		F86C880324EE0E3B000B8DE4 /* Resources */ = {
			isa = PBXResourcesBuildPhase;
			buildActionMask = 2147483647;
			files = (
			);
			runOnlyForDeploymentPostprocessing = 0;
		};
		F86C880E24EE0E3B000B8DE4 /* Resources */ = {
			isa = PBXResourcesBuildPhase;
			buildActionMask = 2147483647;
			files = (
			);
			runOnlyForDeploymentPostprocessing = 0;
		};
/* End PBXResourcesBuildPhase section */

/* Begin PBXSourcesBuildPhase section */
		F86C87EB24EE0E39000B8DE4 /* Sources */ = {
			isa = PBXSourcesBuildPhase;
			buildActionMask = 2147483647;
			files = (
				F86C87F724EE0E39000B8DE4 /* ViewController.swift in Sources */,
				F86C87F324EE0E39000B8DE4 /* AppDelegate.swift in Sources */,
				F86C87F524EE0E39000B8DE4 /* SceneDelegate.swift in Sources */,
			);
			runOnlyForDeploymentPostprocessing = 0;
		};
		F86C880124EE0E3B000B8DE4 /* Sources */ = {
			isa = PBXSourcesBuildPhase;
			buildActionMask = 2147483647;
			files = (
				F86C880A24EE0E3B000B8DE4 /* I_am_PoorTests.swift in Sources */,
			);
			runOnlyForDeploymentPostprocessing = 0;
		};
		F86C880C24EE0E3B000B8DE4 /* Sources */ = {
			isa = PBXSourcesBuildPhase;
			buildActionMask = 2147483647;
			files = (
				F86C881524EE0E3B000B8DE4 /* I_am_PoorUITests.swift in Sources */,
			);
			runOnlyForDeploymentPostprocessing = 0;
		};
/* End PBXSourcesBuildPhase section */

/* Begin PBXTargetDependency section */
		F86C880724EE0E3B000B8DE4 /* PBXTargetDependency */ = {
			isa = PBXTargetDependency;
			target = F86C87EE24EE0E39000B8DE4 /* I am Poor */;
			targetProxy = F86C880624EE0E3B000B8DE4 /* PBXContainerItemProxy */;
		};
		F86C881224EE0E3B000B8DE4 /* PBXTargetDependency */ = {
			isa = PBXTargetDependency;
			target = F86C87EE24EE0E39000B8DE4 /* I am Poor */;
			targetProxy = F86C881124EE0E3B000B8DE4 /* PBXContainerItemProxy */;
		};
/* End PBXTargetDependency section */

/* Begin PBXVariantGroup section */
		F86C87F824EE0E39000B8DE4 /* Main.storyboard */ = {
			isa = PBXVariantGroup;
			children = (
				F86C87F924EE0E39000B8DE4 /* Base */,
			);
			name = Main.storyboard;
			sourceTree = "<group>";
		};
		F86C87FD24EE0E3B000B8DE4 /* LaunchScreen.storyboard */ = {
			isa = PBXVariantGroup;
			children = (
				F86C87FE24EE0E3B000B8DE4 /* Base */,
			);
			name = LaunchScreen.storyboard;
			sourceTree = "<group>";
		};
/* End PBXVariantGroup section */

/* Begin XCBuildConfiguration section */
		F86C881724EE0E3B000B8DE4 /* Debug */ = {
			isa = XCBuildConfiguration;
			buildSettings = {
				ALWAYS_SEARCH_USER_PATHS = NO;
				CLANG_ANALYZER_NONNULL = YES;
				CLANG_ANALYZER_NUMBER_OBJECT_CONVERSION = YES_AGGRESSIVE;
				CLANG_CXX_LANGUAGE_STANDARD = "gnu++14";
				CLANG_CXX_LIBRARY = "libc++";
				CLANG_ENABLE_MODULES = YES;
				CLANG_ENABLE_OBJC_ARC = YES;
				CLANG_ENABLE_OBJC_WEAK = YES;
				CLANG_WARN_BLOCK_CAPTURE_AUTORELEASING = YES;
				CLANG_WARN_BOOL_CONVERSION = YES;
				CLANG_WARN_COMMA = YES;
				CLANG_WARN_CONSTANT_CONVERSION = YES;
				CLANG_WARN_DEPRECATED_OBJC_IMPLEMENTATIONS = YES;
				CLANG_WARN_DIRECT_OBJC_ISA_USAGE = YES_ERROR;
				CLANG_WARN_DOCUMENTATION_COMMENTS = YES;
				CLANG_WARN_EMPTY_BODY = YES;
				CLANG_WARN_ENUM_CONVERSION = YES;
				CLANG_WARN_INFINITE_RECURSION = YES;
				CLANG_WARN_INT_CONVERSION = YES;
				CLANG_WARN_NON_LITERAL_NULL_CONVERSION = YES;
				CLANG_WARN_OBJC_IMPLICIT_RETAIN_SELF = YES;
				CLANG_WARN_OBJC_LITERAL_CONVERSION = YES;
				CLANG_WARN_OBJC_ROOT_CLASS = YES_ERROR;
				CLANG_WARN_QUOTED_INCLUDE_IN_FRAMEWORK_HEADER = YES;
				CLANG_WARN_RANGE_LOOP_ANALYSIS = YES;
				CLANG_WARN_STRICT_PROTOTYPES = YES;
				CLANG_WARN_SUSPICIOUS_MOVE = YES;
				CLANG_WARN_UNGUARDED_AVAILABILITY = YES_AGGRESSIVE;
				CLANG_WARN_UNREACHABLE_CODE = YES;
				CLANG_WARN__DUPLICATE_METHOD_MATCH = YES;
				COPY_PHASE_STRIP = NO;
				DEBUG_INFORMATION_FORMAT = dwarf;
				ENABLE_STRICT_OBJC_MSGSEND = YES;
				ENABLE_TESTABILITY = YES;
				GCC_C_LANGUAGE_STANDARD = gnu11;
				GCC_DYNAMIC_NO_PIC = NO;
				GCC_NO_COMMON_BLOCKS = YES;
				GCC_OPTIMIZATION_LEVEL = 0;
				GCC_PREPROCESSOR_DEFINITIONS = (
					"DEBUG=1",
					"$(inherited)",
				);
				GCC_WARN_64_TO_32_BIT_CONVERSION = YES;
				GCC_WARN_ABOUT_RETURN_TYPE = YES_ERROR;
				GCC_WARN_UNDECLARED_SELECTOR = YES;
				GCC_WARN_UNINITIALIZED_AUTOS = YES_AGGRESSIVE;
				GCC_WARN_UNUSED_FUNCTION = YES;
				GCC_WARN_UNUSED_VARIABLE = YES;
				IPHONEOS_DEPLOYMENT_TARGET = 14.0;
				MTL_ENABLE_DEBUG_INFO = INCLUDE_SOURCE;
				MTL_FAST_MATH = YES;
				ONLY_ACTIVE_ARCH = YES;
				SDKROOT = iphoneos;
				SWIFT_ACTIVE_COMPILATION_CONDITIONS = DEBUG;
				SWIFT_OPTIMIZATION_LEVEL = "-Onone";
			};
			name = Debug;
		};
		F86C881824EE0E3B000B8DE4 /* Release */ = {
			isa = XCBuildConfiguration;
			buildSettings = {
				ALWAYS_SEARCH_USER_PATHS = NO;
				CLANG_ANALYZER_NONNULL = YES;
				CLANG_ANALYZER_NUMBER_OBJECT_CONVERSION = YES_AGGRESSIVE;
				CLANG_CXX_LANGUAGE_STANDARD = "gnu++14";
				CLANG_CXX_LIBRARY = "libc++";
				CLANG_ENABLE_MODULES = YES;
				CLANG_ENABLE_OBJC_ARC = YES;
				CLANG_ENABLE_OBJC_WEAK = YES;
				CLANG_WARN_BLOCK_CAPTURE_AUTORELEASING = YES;
				CLANG_WARN_BOOL_CONVERSION = YES;
				CLANG_WARN_COMMA = YES;
				CLANG_WARN_CONSTANT_CONVERSION = YES;
				CLANG_WARN_DEPRECATED_OBJC_IMPLEMENTATIONS = YES;
				CLANG_WARN_DIRECT_OBJC_ISA_USAGE = YES_ERROR;
				CLANG_WARN_DOCUMENTATION_COMMENTS = YES;
				CLANG_WARN_EMPTY_BODY = YES;
				CLANG_WARN_ENUM_CONVERSION = YES;
				CLANG_WARN_INFINITE_RECURSION = YES;
				CLANG_WARN_INT_CONVERSION = YES;
				CLANG_WARN_NON_LITERAL_NULL_CONVERSION = YES;
				CLANG_WARN_OBJC_IMPLICIT_RETAIN_SELF = YES;
				CLANG_WARN_OBJC_LITERAL_CONVERSION = YES;
				CLANG_WARN_OBJC_ROOT_CLASS = YES_ERROR;
				CLANG_WARN_QUOTED_INCLUDE_IN_FRAMEWORK_HEADER = YES;
				CLANG_WARN_RANGE_LOOP_ANALYSIS = YES;
				CLANG_WARN_STRICT_PROTOTYPES = YES;
				CLANG_WARN_SUSPICIOUS_MOVE = YES;
				CLANG_WARN_UNGUARDED_AVAILABILITY = YES_AGGRESSIVE;
				CLANG_WARN_UNREACHABLE_CODE = YES;
				CLANG_WARN__DUPLICATE_METHOD_MATCH = YES;
				COPY_PHASE_STRIP = NO;
				DEBUG_INFORMATION_FORMAT = "dwarf-with-dsym";
				ENABLE_NS_ASSERTIONS = NO;
				ENABLE_STRICT_OBJC_MSGSEND = YES;
				GCC_C_LANGUAGE_STANDARD = gnu11;
				GCC_NO_COMMON_BLOCKS = YES;
				GCC_WARN_64_TO_32_BIT_CONVERSION = YES;
				GCC_WARN_ABOUT_RETURN_TYPE = YES_ERROR;
				GCC_WARN_UNDECLARED_SELECTOR = YES;
				GCC_WARN_UNINITIALIZED_AUTOS = YES_AGGRESSIVE;
				GCC_WARN_UNUSED_FUNCTION = YES;
				GCC_WARN_UNUSED_VARIABLE = YES;
				IPHONEOS_DEPLOYMENT_TARGET = 14.0;
				MTL_ENABLE_DEBUG_INFO = NO;
				MTL_FAST_MATH = YES;
				SDKROOT = iphoneos;
				SWIFT_COMPILATION_MODE = wholemodule;
				SWIFT_OPTIMIZATION_LEVEL = "-O";
				VALIDATE_PRODUCT = YES;
			};
			name = Release;
		};
		F86C881A24EE0E3B000B8DE4 /* Debug */ = {
			isa = XCBuildConfiguration;
			buildSettings = {
				ASSETCATALOG_COMPILER_APPICON_NAME = AppIcon;
				ASSETCATALOG_COMPILER_GLOBAL_ACCENT_COLOR_NAME = AccentColor;
				CODE_SIGN_STYLE = Automatic;
				DEVELOPMENT_TEAM = 74CG3F4FXT;
				INFOPLIST_FILE = "I am Poor/Info.plist";
				LD_RUNPATH_SEARCH_PATHS = (
					"$(inherited)",
					"@executable_path/Frameworks",
				);
				PRODUCT_BUNDLE_IDENTIFIER = "online.superclass.I-am-Poor";
				PRODUCT_NAME = "$(TARGET_NAME)";
				SWIFT_VERSION = 5.0;
				TARGETED_DEVICE_FAMILY = "1,2";
			};
			name = Debug;
		};
		F86C881B24EE0E3B000B8DE4 /* Release */ = {
			isa = XCBuildConfiguration;
			buildSettings = {
				ASSETCATALOG_COMPILER_APPICON_NAME = AppIcon;
				ASSETCATALOG_COMPILER_GLOBAL_ACCENT_COLOR_NAME = AccentColor;
				CODE_SIGN_STYLE = Automatic;
				DEVELOPMENT_TEAM = 74CG3F4FXT;
				INFOPLIST_FILE = "I am Poor/Info.plist";
				LD_RUNPATH_SEARCH_PATHS = (
					"$(inherited)",
					"@executable_path/Frameworks",
				);
				PRODUCT_BUNDLE_IDENTIFIER = "online.superclass.I-am-Poor";
				PRODUCT_NAME = "$(TARGET_NAME)";
				SWIFT_VERSION = 5.0;
				TARGETED_DEVICE_FAMILY = "1,2";
			};
			name = Release;
		};
		F86C881D24EE0E3B000B8DE4 /* Debug */ = {
			isa = XCBuildConfiguration;
			buildSettings = {
				ALWAYS_EMBED_SWIFT_STANDARD_LIBRARIES = YES;
				BUNDLE_LOADER = "$(TEST_HOST)";
				CODE_SIGN_STYLE = Automatic;
				DEVELOPMENT_TEAM = 74CG3F4FXT;
				INFOPLIST_FILE = "I am PoorTests/Info.plist";
				IPHONEOS_DEPLOYMENT_TARGET = 14.0;
				LD_RUNPATH_SEARCH_PATHS = (
					"$(inherited)",
					"@executable_path/Frameworks",
					"@loader_path/Frameworks",
				);
				PRODUCT_BUNDLE_IDENTIFIER = "online.superclass.I-am-PoorTests";
				PRODUCT_NAME = "$(TARGET_NAME)";
				SWIFT_VERSION = 5.0;
				TARGETED_DEVICE_FAMILY = "1,2";
				TEST_HOST = "$(BUILT_PRODUCTS_DIR)/I am Poor.app/I am Poor";
			};
			name = Debug;
		};
		F86C881E24EE0E3B000B8DE4 /* Release */ = {
			isa = XCBuildConfiguration;
			buildSettings = {
				ALWAYS_EMBED_SWIFT_STANDARD_LIBRARIES = YES;
				BUNDLE_LOADER = "$(TEST_HOST)";
				CODE_SIGN_STYLE = Automatic;
				DEVELOPMENT_TEAM = 74CG3F4FXT;
				INFOPLIST_FILE = "I am PoorTests/Info.plist";
				IPHONEOS_DEPLOYMENT_TARGET = 14.0;
				LD_RUNPATH_SEARCH_PATHS = (
					"$(inherited)",
					"@executable_path/Frameworks",
					"@loader_path/Frameworks",
				);
				PRODUCT_BUNDLE_IDENTIFIER = "online.superclass.I-am-PoorTests";
				PRODUCT_NAME = "$(TARGET_NAME)";
				SWIFT_VERSION = 5.0;
				TARGETED_DEVICE_FAMILY = "1,2";
				TEST_HOST = "$(BUILT_PRODUCTS_DIR)/I am Poor.app/I am Poor";
			};
			name = Release;
		};
		F86C882024EE0E3B000B8DE4 /* Debug */ = {
			isa = XCBuildConfiguration;
			buildSettings = {
				ALWAYS_EMBED_SWIFT_STANDARD_LIBRARIES = YES;
				CODE_SIGN_STYLE = Automatic;
				DEVELOPMENT_TEAM = 74CG3F4FXT;
				INFOPLIST_FILE = "I am PoorUITests/Info.plist";
				LD_RUNPATH_SEARCH_PATHS = (
					"$(inherited)",
					"@executable_path/Frameworks",
					"@loader_path/Frameworks",
				);
				PRODUCT_BUNDLE_IDENTIFIER = "online.superclass.I-am-PoorUITests";
				PRODUCT_NAME = "$(TARGET_NAME)";
				SWIFT_VERSION = 5.0;
				TARGETED_DEVICE_FAMILY = "1,2";
				TEST_TARGET_NAME = "I am Poor";
			};
			name = Debug;
		};
		F86C882124EE0E3B000B8DE4 /* Release */ = {
			isa = XCBuildConfiguration;
			buildSettings = {
				ALWAYS_EMBED_SWIFT_STANDARD_LIBRARIES = YES;
				CODE_SIGN_STYLE = Automatic;
				DEVELOPMENT_TEAM = 74CG3F4FXT;
				INFOPLIST_FILE = "I am PoorUITests/Info.plist";
				LD_RUNPATH_SEARCH_PATHS = (
					"$(inherited)",
					"@executable_path/Frameworks",
					"@loader_path/Frameworks",
				);
				PRODUCT_BUNDLE_IDENTIFIER = "online.superclass.I-am-PoorUITests";
				PRODUCT_NAME = "$(TARGET_NAME)";
				SWIFT_VERSION = 5.0;
				TARGETED_DEVICE_FAMILY = "1,2";
				TEST_TARGET_NAME = "I am Poor";
			};
			name = Release;
		};
/* End XCBuildConfiguration section */

/* Begin XCConfigurationList section */
		F86C87EA24EE0E39000B8DE4 /* Build configuration list for PBXProject "I am Poor" */ = {
			isa = XCConfigurationList;
			buildConfigurations = (
				F86C881724EE0E3B000B8DE4 /* Debug */,
				F86C881824EE0E3B000B8DE4 /* Release */,
			);
			defaultConfigurationIsVisible = 0;
			defaultConfigurationName = Release;
		};
		F86C881924EE0E3B000B8DE4 /* Build configuration list for PBXNativeTarget "I am Poor" */ = {
			isa = XCConfigurationList;
			buildConfigurations = (
				F86C881A24EE0E3B000B8DE4 /* Debug */,
				F86C881B24EE0E3B000B8DE4 /* Release */,
			);
			defaultConfigurationIsVisible = 0;
			defaultConfigurationName = Release;
		};
		F86C881C24EE0E3B000B8DE4 /* Build configuration list for PBXNativeTarget "I am PoorTests" */ = {
			isa = XCConfigurationList;
			buildConfigurations = (
				F86C881D24EE0E3B000B8DE4 /* Debug */,
				F86C881E24EE0E3B000B8DE4 /* Release */,
			);
			defaultConfigurationIsVisible = 0;
			defaultConfigurationName = Release;
		};
		F86C881F24EE0E3B000B8DE4 /* Build configuration list for PBXNativeTarget "I am PoorUITests" */ = {
			isa = XCConfigurationList;
			buildConfigurations = (
				F86C882024EE0E3B000B8DE4 /* Debug */,
				F86C882124EE0E3B000B8DE4 /* Release */,
			);
			defaultConfigurationIsVisible = 0;
			defaultConfigurationName = Release;
		};
/* End XCConfigurationList section */
	};
	rootObject = F86C87E724EE0E39000B8DE4 /* Project object */;
}
